
Microsoft Visual Studio Solution File, Format Version 12.00
# Visual Studio Version 16
VisualStudioVersion = 16.0.29509.3
MinimumVisualStudioVersion = 10.0.40219.1
Project("{FAE04EC0-301F-11D3-BF4B-00C04F79EFBC}") = "NineSunScripture", "NineSunScripture\NineSunScripture.csproj", "{0D7E3884-D4D9-4773-B821-D1316F350C3F}"
EndProject
Project("{54435603-DBB4-11D2-8724-00A0C9A8B90C}") = "九阳真经", "九阳真经\九阳真经.vdproj", "{DA5A45C1-6544-44C3-8D2A-4C43A0452ADC}"
EndProject
Global
	GlobalSection(SolutionConfigurationPlatforms) = preSolution
		Debug|Any CPU = Debug|Any CPU
		Debug|ARM = Debug|ARM
		Debug|ARM64 = Debug|ARM64
		Debug|x64 = Debug|x64
		Debug|x86 = Debug|x86
		Release|Any CPU = Release|Any CPU
		Release|ARM = Release|ARM
		Release|ARM64 = Release|ARM64
		Release|x64 = Release|x64
		Release|x86 = Release|x86
	EndGlobalSection
	GlobalSection(ProjectConfigurationPlatforms) = postSolution
		{0D7E3884-D4D9-4773-B821-D1316F350C3F}.Debug|Any CPU.ActiveCfg = Debug|Any CPU
		{0D7E3884-D4D9-4773-B821-D1316F350C3F}.Debug|Any CPU.Build.0 = Debug|Any CPU
		{0D7E3884-D4D9-4773-B821-D1316F350C3F}.Debug|ARM.ActiveCfg = Debug|Any CPU
		{0D7E3884-D4D9-4773-B821-D1316F350C3F}.Debug|ARM.Build.0 = Debug|Any CPU
		{0D7E3884-D4D9-4773-B821-D1316F350C3F}.Debug|ARM64.ActiveCfg = Debug|Any CPU
		{0D7E3884-D4D9-4773-B821-D1316F350C3F}.Debug|ARM64.Build.0 = Debug|Any CPU
		{0D7E3884-D4D9-4773-B821-D1316F350C3F}.Debug|x64.ActiveCfg = Debug|Any CPU
		{0D7E3884-D4D9-4773-B821-D1316F350C3F}.Debug|x64.Build.0 = Debug|Any CPU
		{0D7E3884-D4D9-4773-B821-D1316F350C3F}.Debug|x86.ActiveCfg = Debug|Any CPU
		{0D7E3884-D4D9-4773-B821-D1316F350C3F}.Release|Any CPU.ActiveCfg = Release|Any CPU
		{0D7E3884-D4D9-4773-B821-D1316F350C3F}.Release|Any CPU.Build.0 = Release|Any CPU
		{0D7E3884-D4D9-4773-B821-D1316F350C3F}.Release|ARM.ActiveCfg = Release|Any CPU
		{0D7E3884-D4D9-4773-B821-D1316F350C3F}.Release|ARM.Build.0 = Release|Any CPU
		{0D7E3884-D4D9-4773-B821-D1316F350C3F}.Release|ARM64.ActiveCfg = Release|Any CPU
		{0D7E3884-D4D9-4773-B821-D1316F350C3F}.Release|ARM64.Build.0 = Release|Any CPU
		{0D7E3884-D4D9-4773-B821-D1316F350C3F}.Release|x64.ActiveCfg = Debug|Any CPU
		{0D7E3884-D4D9-4773-B821-D1316F350C3F}.Release|x64.Build.0 = Debug|Any CPU
		{0D7E3884-D4D9-4773-B821-D1316F350C3F}.Release|x86.ActiveCfg = Debug|Any CPU
		{DA5A45C1-6544-44C3-8D2A-4C43A0452ADC}.Debug|Any CPU.ActiveCfg = Debug
		{DA5A45C1-6544-44C3-8D2A-4C43A0452ADC}.Debug|ARM.ActiveCfg = Debug
		{DA5A45C1-6544-44C3-8D2A-4C43A0452ADC}.Debug|ARM64.ActiveCfg = Debug
		{DA5A45C1-6544-44C3-8D2A-4C43A0452ADC}.Debug|x64.ActiveCfg = Debug
		{DA5A45C1-6544-44C3-8D2A-4C43A0452ADC}.Debug|x86.ActiveCfg = Debug
		{DA5A45C1-6544-44C3-8D2A-4C43A0452ADC}.Release|Any CPU.ActiveCfg = Release
		{DA5A45C1-6544-44C3-8D2A-4C43A0452ADC}.Release|ARM.ActiveCfg = Release
		{DA5A45C1-6544-44C3-8D2A-4C43A0452ADC}.Release|ARM64.ActiveCfg = Release
		{DA5A45C1-6544-44C3-8D2A-4C43A0452ADC}.Release|x64.ActiveCfg = Release
		{DA5A45C1-6544-44C3-8D2A-4C43A0452ADC}.Release|x86.ActiveCfg = Release
	EndGlobalSection
	GlobalSection(SolutionProperties) = preSolution
		HideSolutionNode = FALSE
	EndGlobalSection
	GlobalSection(ExtensibilityGlobals) = postSolution
		SolutionGuid = {0A393D34-DC77-459B-80E6-AA8352E6F6BC}
	EndGlobalSection
EndGlobal
