
Microsoft Visual Studio Solution File, Format Version 12.00
# Visual Studio Version 16
VisualStudioVersion = 16.0.29509.3
MinimumVisualStudioVersion = 10.0.40219.1
Project("{FAE04EC0-301F-11D3-BF4B-00C04F79EFBC}") = "NineSunScripture", "NineSunScripture\NineSunScripture.csproj", "{0D7E3884-D4D9-4773-B821-D1316F350C3F}"
EndProject
Project("{54435603-DBB4-11D2-8724-00A0C9A8B90C}") = "NineSunSetup", "NineSunSetup\NineSunSetup.vdproj", "{75766825-7018-4522-B60C-BA207721C33E}"
EndProject
Project("{9A19103F-16F7-4668-BE54-9A1E7A4F7556}") = "WatcherDog", "WatcherDog\WatcherDog.csproj", "{2CB9E52B-587D-431F-8975-CA436DECD091}"
EndProject
Project("{2150E333-8FDC-42A3-9474-1A3956D46DE8}") = "Solution Items", "Solution Items", "{3BEDF8EF-8A0A-457D-A3BC-8C2ADCF747E6}"
	ProjectSection(SolutionItems) = preProject
		.editorconfig = .editorconfig
	EndProjectSection
EndProject
Project("{888888A0-9F3D-457C-B088-3A5042F75D52}") = "Wifi", "Wifi\Wifi.pyproj", "{2C34559D-5071-4145-9E3C-C5DFAFBF2E26}"
EndProject
Global
	GlobalSection(SolutionConfigurationPlatforms) = preSolution
		Debug|Any CPU = Debug|Any CPU
		Debug|ARM = Debug|ARM
		Debug|ARM64 = Debug|ARM64
		Debug|x64 = Debug|x64
		Debug|x86 = Debug|x86
		Release|Any CPU = Release|Any CPU
		Release|ARM = Release|ARM
		Release|ARM64 = Release|ARM64
		Release|x64 = Release|x64
		Release|x86 = Release|x86
	EndGlobalSection
	GlobalSection(ProjectConfigurationPlatforms) = postSolution
		{0D7E3884-D4D9-4773-B821-D1316F350C3F}.Debug|Any CPU.ActiveCfg = Debug|Any CPU
		{0D7E3884-D4D9-4773-B821-D1316F350C3F}.Debug|Any CPU.Build.0 = Debug|Any CPU
		{0D7E3884-D4D9-4773-B821-D1316F350C3F}.Debug|ARM.ActiveCfg = Debug|Any CPU
		{0D7E3884-D4D9-4773-B821-D1316F350C3F}.Debug|ARM.Build.0 = Debug|Any CPU
		{0D7E3884-D4D9-4773-B821-D1316F350C3F}.Debug|ARM64.ActiveCfg = Debug|Any CPU
		{0D7E3884-D4D9-4773-B821-D1316F350C3F}.Debug|ARM64.Build.0 = Debug|Any CPU
		{0D7E3884-D4D9-4773-B821-D1316F350C3F}.Debug|x64.ActiveCfg = Debug|Any CPU
		{0D7E3884-D4D9-4773-B821-D1316F350C3F}.Debug|x64.Build.0 = Debug|Any CPU
		{0D7E3884-D4D9-4773-B821-D1316F350C3F}.Debug|x86.ActiveCfg = Debug|Any CPU
		{0D7E3884-D4D9-4773-B821-D1316F350C3F}.Release|Any CPU.ActiveCfg = Release|Any CPU
		{0D7E3884-D4D9-4773-B821-D1316F350C3F}.Release|Any CPU.Build.0 = Release|Any CPU
		{0D7E3884-D4D9-4773-B821-D1316F350C3F}.Release|ARM.ActiveCfg = Release|Any CPU
		{0D7E3884-D4D9-4773-B821-D1316F350C3F}.Release|ARM.Build.0 = Release|Any CPU
		{0D7E3884-D4D9-4773-B821-D1316F350C3F}.Release|ARM64.ActiveCfg = Release|Any CPU
		{0D7E3884-D4D9-4773-B821-D1316F350C3F}.Release|ARM64.Build.0 = Release|Any CPU
		{0D7E3884-D4D9-4773-B821-D1316F350C3F}.Release|x64.ActiveCfg = Debug|Any CPU
		{0D7E3884-D4D9-4773-B821-D1316F350C3F}.Release|x64.Build.0 = Debug|Any CPU
		{0D7E3884-D4D9-4773-B821-D1316F350C3F}.Release|x86.ActiveCfg = Debug|Any CPU
		{75766825-7018-4522-B60C-BA207721C33E}.Debug|Any CPU.ActiveCfg = Debug
		{75766825-7018-4522-B60C-BA207721C33E}.Debug|ARM.ActiveCfg = Debug
		{75766825-7018-4522-B60C-BA207721C33E}.Debug|ARM64.ActiveCfg = Debug
		{75766825-7018-4522-B60C-BA207721C33E}.Debug|x64.ActiveCfg = Debug
		{75766825-7018-4522-B60C-BA207721C33E}.Debug|x86.ActiveCfg = Debug
		{75766825-7018-4522-B60C-BA207721C33E}.Release|Any CPU.ActiveCfg = Release
		{75766825-7018-4522-B60C-BA207721C33E}.Release|ARM.ActiveCfg = Release
		{75766825-7018-4522-B60C-BA207721C33E}.Release|ARM64.ActiveCfg = Release
		{75766825-7018-4522-B60C-BA207721C33E}.Release|x64.ActiveCfg = Release
		{75766825-7018-4522-B60C-BA207721C33E}.Release|x86.ActiveCfg = Release
		{2CB9E52B-587D-431F-8975-CA436DECD091}.Debug|Any CPU.ActiveCfg = Debug|Any CPU
		{2CB9E52B-587D-431F-8975-CA436DECD091}.Debug|Any CPU.Build.0 = Debug|Any CPU
		{2CB9E52B-587D-431F-8975-CA436DECD091}.Debug|ARM.ActiveCfg = Debug|Any CPU
		{2CB9E52B-587D-431F-8975-CA436DECD091}.Debug|ARM.Build.0 = Debug|Any CPU
		{2CB9E52B-587D-431F-8975-CA436DECD091}.Debug|ARM64.ActiveCfg = Debug|Any CPU
		{2CB9E52B-587D-431F-8975-CA436DECD091}.Debug|ARM64.Build.0 = Debug|Any CPU
		{2CB9E52B-587D-431F-8975-CA436DECD091}.Debug|x64.ActiveCfg = Debug|Any CPU
		{2CB9E52B-587D-431F-8975-CA436DECD091}.Debug|x64.Build.0 = Debug|Any CPU
		{2CB9E52B-587D-431F-8975-CA436DECD091}.Debug|x86.ActiveCfg = Debug|Any CPU
		{2CB9E52B-587D-431F-8975-CA436DECD091}.Debug|x86.Build.0 = Debug|Any CPU
		{2CB9E52B-587D-431F-8975-CA436DECD091}.Release|Any CPU.ActiveCfg = Release|Any CPU
		{2CB9E52B-587D-431F-8975-CA436DECD091}.Release|Any CPU.Build.0 = Release|Any CPU
		{2CB9E52B-587D-431F-8975-CA436DECD091}.Release|ARM.ActiveCfg = Release|Any CPU
		{2CB9E52B-587D-431F-8975-CA436DECD091}.Release|ARM.Build.0 = Release|Any CPU
		{2CB9E52B-587D-431F-8975-CA436DECD091}.Release|ARM64.ActiveCfg = Release|Any CPU
		{2CB9E52B-587D-431F-8975-CA436DECD091}.Release|ARM64.Build.0 = Release|Any CPU
		{2CB9E52B-587D-431F-8975-CA436DECD091}.Release|x64.ActiveCfg = Release|Any CPU
		{2CB9E52B-587D-431F-8975-CA436DECD091}.Release|x64.Build.0 = Release|Any CPU
		{2CB9E52B-587D-431F-8975-CA436DECD091}.Release|x86.ActiveCfg = Release|Any CPU
		{2CB9E52B-587D-431F-8975-CA436DECD091}.Release|x86.Build.0 = Release|Any CPU
		{2C34559D-5071-4145-9E3C-C5DFAFBF2E26}.Debug|Any CPU.ActiveCfg = Debug|Any CPU
		{2C34559D-5071-4145-9E3C-C5DFAFBF2E26}.Debug|ARM.ActiveCfg = Debug|Any CPU
		{2C34559D-5071-4145-9E3C-C5DFAFBF2E26}.Debug|ARM64.ActiveCfg = Debug|Any CPU
		{2C34559D-5071-4145-9E3C-C5DFAFBF2E26}.Debug|x64.ActiveCfg = Debug|Any CPU
		{2C34559D-5071-4145-9E3C-C5DFAFBF2E26}.Debug|x86.ActiveCfg = Debug|Any CPU
		{2C34559D-5071-4145-9E3C-C5DFAFBF2E26}.Release|Any CPU.ActiveCfg = Release|Any CPU
		{2C34559D-5071-4145-9E3C-C5DFAFBF2E26}.Release|ARM.ActiveCfg = Release|Any CPU
		{2C34559D-5071-4145-9E3C-C5DFAFBF2E26}.Release|ARM64.ActiveCfg = Release|Any CPU
		{2C34559D-5071-4145-9E3C-C5DFAFBF2E26}.Release|x64.ActiveCfg = Release|Any CPU
		{2C34559D-5071-4145-9E3C-C5DFAFBF2E26}.Release|x86.ActiveCfg = Release|Any CPU
	EndGlobalSection
	GlobalSection(SolutionProperties) = preSolution
		HideSolutionNode = FALSE
	EndGlobalSection
	GlobalSection(ExtensibilityGlobals) = postSolution
		SolutionGuid = {0A393D34-DC77-459B-80E6-AA8352E6F6BC}
	EndGlobalSection
EndGlobal
